// !$*UTF8*$!
{
	archiveVersion = 1;
	classes = {
	};
	objectVersion = 46;
	objects = {

/* Begin PBXBuildFile section */
		8A88D6951D1A9D3F005189C5 /* AppDelegate.swift in Sources */ = {isa = PBXBuildFile; fileRef = 8A88D6941D1A9D3F005189C5 /* AppDelegate.swift */; };
		8A88D6971D1A9D3F005189C5 /* ViewController.swift in Sources */ = {isa = PBXBuildFile; fileRef = 8A88D6961D1A9D3F005189C5 /* ViewController.swift */; };
		8A88D69A1D1A9D3F005189C5 /* Main.storyboard in Resources */ = {isa = PBXBuildFile; fileRef = 8A88D6981D1A9D3F005189C5 /* Main.storyboard */; };
		8A88D69C1D1A9D3F005189C5 /* Assets.xcassets in Resources */ = {isa = PBXBuildFile; fileRef = 8A88D69B1D1A9D3F005189C5 /* Assets.xcassets */; };
		8A88D69F1D1A9D3F005189C5 /* LaunchScreen.storyboard in Resources */ = {isa = PBXBuildFile; fileRef = 8A88D69D1D1A9D3F005189C5 /* LaunchScreen.storyboard */; };
		8A88D6AA1D1A9D3F005189C5 /* _016Tests.swift in Sources */ = {isa = PBXBuildFile; fileRef = 8A88D6A91D1A9D3F005189C5 /* _016Tests.swift */; };
		8A88D6B51D1A9D3F005189C5 /* _016UITests.swift in Sources */ = {isa = PBXBuildFile; fileRef = 8A88D6B41D1A9D3F005189C5 /* _016UITests.swift */; };
/* End PBXBuildFile section */

/* Begin PBXContainerItemProxy section */
		8A88D6A61D1A9D3F005189C5 /* PBXContainerItemProxy */ = {
			isa = PBXContainerItemProxy;
			containerPortal = 8A88D6891D1A9D3F005189C5 /* Project object */;
			proxyType = 1;
			remoteGlobalIDString = 8A88D6901D1A9D3F005189C5;
			remoteInfo = 2016;
		};
		8A88D6B11D1A9D3F005189C5 /* PBXContainerItemProxy */ = {
			isa = PBXContainerItemProxy;
			containerPortal = 8A88D6891D1A9D3F005189C5 /* Project object */;
			proxyType = 1;
			remoteGlobalIDString = 8A88D6901D1A9D3F005189C5;
			remoteInfo = 2016;
		};
/* End PBXContainerItemProxy section */

/* Begin PBXFileReference section */
		8A88D6911D1A9D3F005189C5 /* 2016.app */ = {isa = PBXFileReference; explicitFileType = wrapper.application; includeInIndex = 0; path = 2016.app; sourceTree = BUILT_PRODUCTS_DIR; };
		8A88D6941D1A9D3F005189C5 /* AppDelegate.swift */ = {isa = PBXFileReference; lastKnownFileType = sourcecode.swift; path = AppDelegate.swift; sourceTree = "<group>"; };
		8A88D6961D1A9D3F005189C5 /* ViewController.swift */ = {isa = PBXFileReference; lastKnownFileType = sourcecode.swift; path = ViewController.swift; sourceTree = "<group>"; };
		8A88D6991D1A9D3F005189C5 /* Base */ = {isa = PBXFileReference; lastKnownFileType = file.storyboard; name = Base; path = Base.lproj/Main.storyboard; sourceTree = "<group>"; };
		8A88D69B1D1A9D3F005189C5 /* Assets.xcassets */ = {isa = PBXFileReference; lastKnownFileType = folder.assetcatalog; path = Assets.xcassets; sourceTree = "<group>"; };
		8A88D69E1D1A9D3F005189C5 /* Base */ = {isa = PBXFileReference; lastKnownFileType = file.storyboard; name = Base; path = Base.lproj/LaunchScreen.storyboard; sourceTree = "<group>"; };
		8A88D6A01D1A9D3F005189C5 /* Info.plist */ = {isa = PBXFileReference; lastKnownFileType = text.plist.xml; path = Info.plist; sourceTree = "<group>"; };
		8A88D6A51D1A9D3F005189C5 /* 2016Tests.xctest */ = {isa = PBXFileReference; explicitFileType = wrapper.cfbundle; includeInIndex = 0; path = 2016Tests.xctest; sourceTree = BUILT_PRODUCTS_DIR; };
		8A88D6A91D1A9D3F005189C5 /* _016Tests.swift */ = {isa = PBXFileReference; lastKnownFileType = sourcecode.swift; path = _016Tests.swift; sourceTree = "<group>"; };
		8A88D6AB1D1A9D3F005189C5 /* Info.plist */ = {isa = PBXFileReference; lastKnownFileType = text.plist.xml; path = Info.plist; sourceTree = "<group>"; };
		8A88D6B01D1A9D3F005189C5 /* 2016UITests.xctest */ = {isa = PBXFileReference; explicitFileType = wrapper.cfbundle; includeInIndex = 0; path = 2016UITests.xctest; sourceTree = BUILT_PRODUCTS_DIR; };
		8A88D6B41D1A9D3F005189C5 /* _016UITests.swift */ = {isa = PBXFileReference; lastKnownFileType = sourcecode.swift; path = _016UITests.swift; sourceTree = "<group>"; };
		8A88D6B61D1A9D3F005189C5 /* Info.plist */ = {isa = PBXFileReference; lastKnownFileType = text.plist.xml; path = Info.plist; sourceTree = "<group>"; };
/* End PBXFileReference section */

/* Begin PBXFrameworksBuildPhase section */
		8A88D68E1D1A9D3F005189C5 /* Frameworks */ = {
			isa = PBXFrameworksBuildPhase;
			buildActionMask = 2147483647;
			files = (
			);
			runOnlyForDeploymentPostprocessing = 0;
		};
		8A88D6A21D1A9D3F005189C5 /* Frameworks */ = {
			isa = PBXFrameworksBuildPhase;
			buildActionMask = 2147483647;
			files = (
			);
			runOnlyForDeploymentPostprocessing = 0;
		};
		8A88D6AD1D1A9D3F005189C5 /* Frameworks */ = {
			isa = PBXFrameworksBuildPhase;
			buildActionMask = 2147483647;
			files = (
			);
			runOnlyForDeploymentPostprocessing = 0;
		};
/* End PBXFrameworksBuildPhase section */

/* Begin PBXGroup section */
		8A88D6881D1A9D3F005189C5 = {
			isa = PBXGroup;
			children = (
				8A88D6931D1A9D3F005189C5 /* 2016 */,
				8A88D6A81D1A9D3F005189C5 /* 2016Tests */,
				8A88D6B31D1A9D3F005189C5 /* 2016UITests */,
				8A88D6921D1A9D3F005189C5 /* Products */,
			);
			sourceTree = "<group>";
		};
		8A88D6921D1A9D3F005189C5 /* Products */ = {
			isa = PBXGroup;
			children = (
				8A88D6911D1A9D3F005189C5 /* 2016.app */,
				8A88D6A51D1A9D3F005189C5 /* 2016Tests.xctest */,
				8A88D6B01D1A9D3F005189C5 /* 2016UITests.xctest */,
			);
			name = Products;
			sourceTree = "<group>";
		};
		8A88D6931D1A9D3F005189C5 /* 2016 */ = {
			isa = PBXGroup;
			children = (
				8A88D6941D1A9D3F005189C5 /* AppDelegate.swift */,
				8A88D6961D1A9D3F005189C5 /* ViewController.swift */,
				8A88D6981D1A9D3F005189C5 /* Main.storyboard */,
				8A88D69B1D1A9D3F005189C5 /* Assets.xcassets */,
				8A88D69D1D1A9D3F005189C5 /* LaunchScreen.storyboard */,
				8A88D6A01D1A9D3F005189C5 /* Info.plist */,
			);
			path = 2016;
			sourceTree = "<group>";
		};
		8A88D6A81D1A9D3F005189C5 /* 2016Tests */ = {
			isa = PBXGroup;
			children = (
				8A88D6A91D1A9D3F005189C5 /* _016Tests.swift */,
				8A88D6AB1D1A9D3F005189C5 /* Info.plist */,
			);
			path = 2016Tests;
			sourceTree = "<group>";
		};
		8A88D6B31D1A9D3F005189C5 /* 2016UITests */ = {
			isa = PBXGroup;
			children = (
				8A88D6B41D1A9D3F005189C5 /* _016UITests.swift */,
				8A88D6B61D1A9D3F005189C5 /* Info.plist */,
			);
			path = 2016UITests;
			sourceTree = "<group>";
		};
/* End PBXGroup section */

/* Begin PBXNativeTarget section */
		8A88D6901D1A9D3F005189C5 /* 2016 */ = {
			isa = PBXNativeTarget;
			buildConfigurationList = 8A88D6B91D1A9D3F005189C5 /* Build configuration list for PBXNativeTarget "2016" */;
			buildPhases = (
				8A88D68D1D1A9D3F005189C5 /* Sources */,
				8A88D68E1D1A9D3F005189C5 /* Frameworks */,
				8A88D68F1D1A9D3F005189C5 /* Resources */,
			);
			buildRules = (
			);
			dependencies = (
			);
			name = 2016;
			productName = 2016;
			productReference = 8A88D6911D1A9D3F005189C5 /* 2016.app */;
			productType = "com.apple.product-type.application";
		};
		8A88D6A41D1A9D3F005189C5 /* 2016Tests */ = {
			isa = PBXNativeTarget;
			buildConfigurationList = 8A88D6BC1D1A9D3F005189C5 /* Build configuration list for PBXNativeTarget "2016Tests" */;
			buildPhases = (
				8A88D6A11D1A9D3F005189C5 /* Sources */,
				8A88D6A21D1A9D3F005189C5 /* Frameworks */,
				8A88D6A31D1A9D3F005189C5 /* Resources */,
			);
			buildRules = (
			);
			dependencies = (
				8A88D6A71D1A9D3F005189C5 /* PBXTargetDependency */,
			);
			name = 2016Tests;
			productName = 2016Tests;
			productReference = 8A88D6A51D1A9D3F005189C5 /* 2016Tests.xctest */;
			productType = "com.apple.product-type.bundle.unit-test";
		};
		8A88D6AF1D1A9D3F005189C5 /* 2016UITests */ = {
			isa = PBXNativeTarget;
			buildConfigurationList = 8A88D6BF1D1A9D3F005189C5 /* Build configuration list for PBXNativeTarget "2016UITests" */;
			buildPhases = (
				8A88D6AC1D1A9D3F005189C5 /* Sources */,
				8A88D6AD1D1A9D3F005189C5 /* Frameworks */,
				8A88D6AE1D1A9D3F005189C5 /* Resources */,
			);
			buildRules = (
			);
			dependencies = (
				8A88D6B21D1A9D3F005189C5 /* PBXTargetDependency */,
			);
			name = 2016UITests;
			productName = 2016UITests;
			productReference = 8A88D6B01D1A9D3F005189C5 /* 2016UITests.xctest */;
			productType = "com.apple.product-type.bundle.ui-testing";
		};
/* End PBXNativeTarget section */

/* Begin PBXProject section */
		8A88D6891D1A9D3F005189C5 /* Project object */ = {
			isa = PBXProject;
			attributes = {
				LastSwiftUpdateCheck = 0730;
				LastUpgradeCheck = 0730;
				ORGANIZATIONNAME = "魏新宇";
				TargetAttributes = {
					8A88D6901D1A9D3F005189C5 = {
						CreatedOnToolsVersion = 7.3.1;
					};
					8A88D6A41D1A9D3F005189C5 = {
						CreatedOnToolsVersion = 7.3.1;
						TestTargetID = 8A88D6901D1A9D3F005189C5;
					};
					8A88D6AF1D1A9D3F005189C5 = {
						CreatedOnToolsVersion = 7.3.1;
						TestTargetID = 8A88D6901D1A9D3F005189C5;
					};
				};
			};
			buildConfigurationList = 8A88D68C1D1A9D3F005189C5 /* Build configuration list for PBXProject "2016" */;
			compatibilityVersion = "Xcode 3.2";
			developmentRegion = English;
			hasScannedForEncodings = 0;
			knownRegions = (
				en,
				Base,
			);
			mainGroup = 8A88D6881D1A9D3F005189C5;
			productRefGroup = 8A88D6921D1A9D3F005189C5 /* Products */;
			projectDirPath = "";
			projectRoot = "";
			targets = (
				8A88D6901D1A9D3F005189C5 /* 2016 */,
				8A88D6A41D1A9D3F005189C5 /* 2016Tests */,
				8A88D6AF1D1A9D3F005189C5 /* 2016UITests */,
			);
		};
/* End PBXProject section */

/* Begin PBXResourcesBuildPhase section */
		8A88D68F1D1A9D3F005189C5 /* Resources */ = {
			isa = PBXResourcesBuildPhase;
			buildActionMask = 2147483647;
			files = (
				8A88D69F1D1A9D3F005189C5 /* LaunchScreen.storyboard in Resources */,
				8A88D69C1D1A9D3F005189C5 /* Assets.xcassets in Resources */,
				8A88D69A1D1A9D3F005189C5 /* Main.storyboard in Resources */,
			);
			runOnlyForDeploymentPostprocessing = 0;
		};
		8A88D6A31D1A9D3F005189C5 /* Resources */ = {
			isa = PBXResourcesBuildPhase;
			buildActionMask = 2147483647;
			files = (
			);
			runOnlyForDeploymentPostprocessing = 0;
		};
		8A88D6AE1D1A9D3F005189C5 /* Resources */ = {
			isa = PBXResourcesBuildPhase;
			buildActionMask = 2147483647;
			files = (
			);
			runOnlyForDeploymentPostprocessing = 0;
		};
/* End PBXResourcesBuildPhase section */

/* Begin PBXSourcesBuildPhase section */
		8A88D68D1D1A9D3F005189C5 /* Sources */ = {
			isa = PBXSourcesBuildPhase;
			buildActionMask = 2147483647;
			files = (
				8A88D6971D1A9D3F005189C5 /* ViewController.swift in Sources */,
				8A88D6951D1A9D3F005189C5 /* AppDelegate.swift in Sources */,
			);
			runOnlyForDeploymentPostprocessing = 0;
		};
		8A88D6A11D1A9D3F005189C5 /* Sources */ = {
			isa = PBXSourcesBuildPhase;
			buildActionMask = 2147483647;
			files = (
				8A88D6AA1D1A9D3F005189C5 /* _016Tests.swift in Sources */,
			);
			runOnlyForDeploymentPostprocessing = 0;
		};
		8A88D6AC1D1A9D3F005189C5 /* Sources */ = {
			isa = PBXSourcesBuildPhase;
			buildActionMask = 2147483647;
			files = (
				8A88D6B51D1A9D3F005189C5 /* _016UITests.swift in Sources */,
			);
			runOnlyForDeploymentPostprocessing = 0;
		};
/* End PBXSourcesBuildPhase section */

/* Begin PBXTargetDependency section */
		8A88D6A71D1A9D3F005189C5 /* PBXTargetDependency */ = {
			isa = PBXTargetDependency;
			target = 8A88D6901D1A9D3F005189C5 /* 2016 */;
			targetProxy = 8A88D6A61D1A9D3F005189C5 /* PBXContainerItemProxy */;
		};
		8A88D6B21D1A9D3F005189C5 /* PBXTargetDependency */ = {
			isa = PBXTargetDependency;
			target = 8A88D6901D1A9D3F005189C5 /* 2016 */;
			targetProxy = 8A88D6B11D1A9D3F005189C5 /* PBXContainerItemProxy */;
		};
/* End PBXTargetDependency section */

/* Begin PBXVariantGroup section */
		8A88D6981D1A9D3F005189C5 /* Main.storyboard */ = {
			isa = PBXVariantGroup;
			children = (
				8A88D6991D1A9D3F005189C5 /* Base */,
			);
			name = Main.storyboard;
			sourceTree = "<group>";
		};
		8A88D69D1D1A9D3F005189C5 /* LaunchScreen.storyboard */ = {
			isa = PBXVariantGroup;
			children = (
				8A88D69E1D1A9D3F005189C5 /* Base */,
			);
			name = LaunchScreen.storyboard;
			sourceTree = "<group>";
		};
/* End PBXVariantGroup section */

/* Begin XCBuildConfiguration section */
		8A88D6B71D1A9D3F005189C5 /* Debug */ = {
			isa = XCBuildConfiguration;
			buildSettings = {
				ALWAYS_SEARCH_USER_PATHS = NO;
				CLANG_ANALYZER_NONNULL = YES;
				CLANG_CXX_LANGUAGE_STANDARD = "gnu++0x";
				CLANG_CXX_LIBRARY = "libc++";
				CLANG_ENABLE_MODULES = YES;
				CLANG_ENABLE_OBJC_ARC = YES;
				CLANG_WARN_BOOL_CONVERSION = YES;
				CLANG_WARN_CONSTANT_CONVERSION = YES;
				CLANG_WARN_DIRECT_OBJC_ISA_USAGE = YES_ERROR;
				CLANG_WARN_EMPTY_BODY = YES;
				CLANG_WARN_ENUM_CONVERSION = YES;
				CLANG_WARN_INT_CONVERSION = YES;
				CLANG_WARN_OBJC_ROOT_CLASS = YES_ERROR;
				CLANG_WARN_UNREACHABLE_CODE = YES;
				CLANG_WARN__DUPLICATE_METHOD_MATCH = YES;
				"CODE_SIGN_IDENTITY[sdk=iphoneos*]" = "iPhone Developer";
				COPY_PHASE_STRIP = NO;
				DEBUG_INFORMATION_FORMAT = dwarf;
				ENABLE_STRICT_OBJC_MSGSEND = YES;
				ENABLE_TESTABILITY = YES;
				GCC_C_LANGUAGE_STANDARD = gnu99;
				GCC_DYNAMIC_NO_PIC = NO;
				GCC_NO_COMMON_BLOCKS = YES;
				GCC_OPTIMIZATION_LEVEL = 0;
				GCC_PREPROCESSOR_DEFINITIONS = (
					"DEBUG=1",
					"$(inherited)",
				);
				GCC_WARN_64_TO_32_BIT_CONVERSION = YES;
				GCC_WARN_ABOUT_RETURN_TYPE = YES_ERROR;
				GCC_WARN_UNDECLARED_SELECTOR = YES;
				GCC_WARN_UNINITIALIZED_AUTOS = YES_AGGRESSIVE;
				GCC_WARN_UNUSED_FUNCTION = YES;
				GCC_WARN_UNUSED_VARIABLE = YES;
				IPHONEOS_DEPLOYMENT_TARGET = 9.3;
				MTL_ENABLE_DEBUG_INFO = YES;
				ONLY_ACTIVE_ARCH = YES;
				SDKROOT = iphoneos;
				SWIFT_OPTIMIZATION_LEVEL = "-Onone";
			};
			name = Debug;
		};
		8A88D6B81D1A9D3F005189C5 /* Release */ = {
			isa = XCBuildConfiguration;
			buildSettings = {
				ALWAYS_SEARCH_USER_PATHS = NO;
				CLANG_ANALYZER_NONNULL = YES;
				CLANG_CXX_LANGUAGE_STANDARD = "gnu++0x";
				CLANG_CXX_LIBRARY = "libc++";
				CLANG_ENABLE_MODULES = YES;
				CLANG_ENABLE_OBJC_ARC = YES;
				CLANG_WARN_BOOL_CONVERSION = YES;
				CLANG_WARN_CONSTANT_CONVERSION = YES;
				CLANG_WARN_DIRECT_OBJC_ISA_USAGE = YES_ERROR;
				CLANG_WARN_EMPTY_BODY = YES;
				CLANG_WARN_ENUM_CONVERSION = YES;
				CLANG_WARN_INT_CONVERSION = YES;
				CLANG_WARN_OBJC_ROOT_CLASS = YES_ERROR;
				CLANG_WARN_UNREACHABLE_CODE = YES;
				CLANG_WARN__DUPLICATE_METHOD_MATCH = YES;
				"CODE_SIGN_IDENTITY[sdk=iphoneos*]" = "iPhone Developer";
				COPY_PHASE_STRIP = NO;
				DEBUG_INFORMATION_FORMAT = "dwarf-with-dsym";
				ENABLE_NS_ASSERTIONS = NO;
				ENABLE_STRICT_OBJC_MSGSEND = YES;
				GCC_C_LANGUAGE_STANDARD = gnu99;
				GCC_NO_COMMON_BLOCKS = YES;
				GCC_WARN_64_TO_32_BIT_CONVERSION = YES;
				GCC_WARN_ABOUT_RETURN_TYPE = YES_ERROR;
				GCC_WARN_UNDECLARED_SELECTOR = YES;
				GCC_WARN_UNINITIALIZED_AUTOS = YES_AGGRESSIVE;
				GCC_WARN_UNUSED_FUNCTION = YES;
				GCC_WARN_UNUSED_VARIABLE = YES;
				IPHONEOS_DEPLOYMENT_TARGET = 9.3;
				MTL_ENABLE_DEBUG_INFO = NO;
				SDKROOT = iphoneos;
				VALIDATE_PRODUCT = YES;
			};
			name = Release;
		};
		8A88D6BA1D1A9D3F005189C5 /* Debug */ = {
			isa = XCBuildConfiguration;
			buildSettings = {
				ASSETCATALOG_COMPILER_APPICON_NAME = AppIcon;
				INFOPLIST_FILE = 2016/Info.plist;
				LD_RUNPATH_SEARCH_PATHS = "$(inherited) @executable_path/Frameworks";
				PRODUCT_BUNDLE_IDENTIFIER = "-.-016";
				PRODUCT_NAME = "$(TARGET_NAME)";
			};
			name = Debug;
		};
		8A88D6BB1D1A9D3F005189C5 /* Release */ = {
			isa = XCBuildConfiguration;
			buildSettings = {
				ASSETCATALOG_COMPILER_APPICON_NAME = AppIcon;
				INFOPLIST_FILE = 2016/Info.plist;
				LD_RUNPATH_SEARCH_PATHS = "$(inherited) @executable_path/Frameworks";
				PRODUCT_BUNDLE_IDENTIFIER = "-.-016";
				PRODUCT_NAME = "$(TARGET_NAME)";
			};
			name = Release;
		};
		8A88D6BD1D1A9D3F005189C5 /* Debug */ = {
			isa = XCBuildConfiguration;
			buildSettings = {
				BUNDLE_LOADER = "$(TEST_HOST)";
				INFOPLIST_FILE = 2016Tests/Info.plist;
				LD_RUNPATH_SEARCH_PATHS = "$(inherited) @executable_path/Frameworks @loader_path/Frameworks";
				PRODUCT_BUNDLE_IDENTIFIER = "-.-016Tests";
				PRODUCT_NAME = "$(TARGET_NAME)";
				TEST_HOST = "$(BUILT_PRODUCTS_DIR)/2016.app/2016";
			};
			name = Debug;
		};
		8A88D6BE1D1A9D3F005189C5 /* Release */ = {
			isa = XCBuildConfiguration;
			buildSettings = {
				BUNDLE_LOADER = "$(TEST_HOST)";
				INFOPLIST_FILE = 2016Tests/Info.plist;
				LD_RUNPATH_SEARCH_PATHS = "$(inherited) @executable_path/Frameworks @loader_path/Frameworks";
				PRODUCT_BUNDLE_IDENTIFIER = "-.-016Tests";
				PRODUCT_NAME = "$(TARGET_NAME)";
				TEST_HOST = "$(BUILT_PRODUCTS_DIR)/2016.app/2016";
			};
			name = Release;
		};
		8A88D6C01D1A9D3F005189C5 /* Debug */ = {
			isa = XCBuildConfiguration;
			buildSettings = {
				INFOPLIST_FILE = 2016UITests/Info.plist;
				LD_RUNPATH_SEARCH_PATHS = "$(inherited) @executable_path/Frameworks @loader_path/Frameworks";
				PRODUCT_BUNDLE_IDENTIFIER = "-.-016UITests";
				PRODUCT_NAME = "$(TARGET_NAME)";
				TEST_TARGET_NAME = 2016;
			};
			name = Debug;
		};
		8A88D6C11D1A9D3F005189C5 /* Release */ = {
			isa = XCBuildConfiguration;
			buildSettings = {
				INFOPLIST_FILE = 2016UITests/Info.plist;
				LD_RUNPATH_SEARCH_PATHS = "$(inherited) @executable_path/Frameworks @loader_path/Frameworks";
				PRODUCT_BUNDLE_IDENTIFIER = "-.-016UITests";
				PRODUCT_NAME = "$(TARGET_NAME)";
				TEST_TARGET_NAME = 2016;
			};
			name = Release;
		};
/* End XCBuildConfiguration section */

/* Begin XCConfigurationList section */
		8A88D68C1D1A9D3F005189C5 /* Build configuration list for PBXProject "2016" */ = {
			isa = XCConfigurationList;
			buildConfigurations = (
				8A88D6B71D1A9D3F005189C5 /* Debug */,
				8A88D6B81D1A9D3F005189C5 /* Release */,
			);
			defaultConfigurationIsVisible = 0;
			defaultConfigurationName = Release;
		};
		8A88D6B91D1A9D3F005189C5 /* Build configuration list for PBXNativeTarget "2016" */ = {
			isa = XCConfigurationList;
			buildConfigurations = (
				8A88D6BA1D1A9D3F005189C5 /* Debug */,
				8A88D6BB1D1A9D3F005189C5 /* Release */,
			);
			defaultConfigurationIsVisible = 0;
		};
		8A88D6BC1D1A9D3F005189C5 /* Build configuration list for PBXNativeTarget "2016Tests" */ = {
			isa = XCConfigurationList;
			buildConfigurations = (
				8A88D6BD1D1A9D3F005189C5 /* Debug */,
				8A88D6BE1D1A9D3F005189C5 /* Release */,
			);
			defaultConfigurationIsVisible = 0;
		};
		8A88D6BF1D1A9D3F005189C5 /* Build configuration list for PBXNativeTarget "2016UITests" */ = {
			isa = XCConfigurationList;
			buildConfigurations = (
				8A88D6C01D1A9D3F005189C5 /* Debug */,
				8A88D6C11D1A9D3F005189C5 /* Release */,
			);
			defaultConfigurationIsVisible = 0;
		};
/* End XCConfigurationList section */
	};
	rootObject = 8A88D6891D1A9D3F005189C5 /* Project object */;
}
